interactions:
- request:
    body: '{"messages":[{"role":"user","content":[{"type":"text","text":"What is the
      capital of France?"}]}],"model":"gpt-4.1-nano"}'
    headers:
      accept:
      - application/json
      accept-encoding:
      - gzip, deflate, zstd
      connection:
      - keep-alive
      content-length:
      - '121'
      content-type:
      - application/json
      cookie:
      - __cf_bm=8JL8FZmd.PctT6sPovqTMnGkPxvJzS_U2nPRK1Axh_I-1750178955-1.0.1.1-38.ks.yEZWRHhZD_7QTO1Ti0qNtU0FbS5iuuzSNSVO5.Vu32cnfLaEuZ0NSUuamrSlbdmFwbCOXNTorOJ0vViAKOW6v30v44H5UGq1athEc;
        _cfuvid=._BiLUai_DgRyLwoR3Pk0E6DfHs9nut.NIIoHQGUbio-1750178955176-0.0.1.1-604800000
      host:
      - api.openai.com
      traceparent:
      - 00-ba5e9b058c1a652803932cfb06904aaf-13a1f4d8444e70f0-01
      user-agent:
      - OpenAI/Python 1.86.0
      x-stainless-arch:
      - arm64
      x-stainless-async:
      - 'false'
      x-stainless-lang:
      - python
      x-stainless-os:
      - MacOS
      x-stainless-package-version:
      - 1.86.0
      x-stainless-raw-response:
      - 'true'
      x-stainless-read-timeout:
      - '600.0'
      x-stainless-retry-count:
      - '0'
      x-stainless-runtime:
      - CPython
      x-stainless-runtime-version:
      - 3.12.3
    method: POST
    uri: https://api.openai.com/v1/chat/completions
  response:
    body:
      string: !!binary |
        H4sIAAAAAAAAAwAAAP//jJJBb9swDIXv/hWCznEQJw6S5bhhPayXYSgwYENhsBJtK5VFQaKHDkX+
        +yDbjd2uA3bxgR8f/R7F50wIabQ8CalaYNV5m38833X28Zspy/bm9pM76/6ze6Lb9sf38xeWq6Sg
        hzMqflGtFXXeIhtyI1YBgTFNLQ77TXE4ftjvB9CRRptkjee8XBe5A0f5drPd55syL8pJ3pJRGOVJ
        /MyEEOJ5+CajTuOTPInN6qXSYYzQoDxdm4SQgWyqSIjRRAY3mp6gIsfoBu93LQoF3jBYQbW4CeAU
        ChPFVwgmrpeqgHUfIVl3vbULAM4RQ4o++L2fyOXq0FLjAz3EN1JZG2diWwWESC65iUxeDvSSCXE/
        bKJ/FU76QJ3niukRh98V5ThOzg8ww8PEmBjsXN4Wq3eGVRoZjI2LRUoFqkU9K+etQ68NLUC2iPy3
        l/dmj7GNa/5n/AyUQs+oKx9QG/U679wWMF3nv9quKx4My4jhl1FYscGQnkFjDb2d7jz+joxdVRvX
        YPDBjHdT+2p33JU72NbHWmaX7A8AAAD//wMAgW7vEkYDAAA=
    headers:
      CF-RAY:
      - 95140a076fe793e4-LHR
      Connection:
      - keep-alive
      Content-Encoding:
      - gzip
      Content-Type:
      - application/json
      Date:
      - Tue, 17 Jun 2025 16:49:16 GMT
      Server:
      - cloudflare
      Transfer-Encoding:
      - chunked
      X-Content-Type-Options:
      - nosniff
      access-control-expose-headers:
      - X-Request-ID
      alt-svc:
      - h3=":443"; ma=86400
      cf-cache-status:
      - DYNAMIC
      openai-organization:
      - user-xzaeeoqlanzncr8pomspsknu
      openai-processing-ms:
      - '283'
      openai-version:
      - '2020-10-01'
      strict-transport-security:
      - max-age=31536000; includeSubDomains; preload
      x-envoy-upstream-service-time:
      - '301'
      x-ratelimit-limit-requests:
      - '30000'
      x-ratelimit-limit-tokens:
      - '150000000'
      x-ratelimit-remaining-requests:
      - '29999'
      x-ratelimit-remaining-tokens:
      - '149999990'
      x-ratelimit-reset-requests:
      - 2ms
      x-ratelimit-reset-tokens:
      - 0s
      x-request-id:
      - req_dd4f2456237f448ae54f1bd1bc02ac8d
    status:
      code: 200
      message: OK
version: 1
